
Microsoft Visual Studio Solution File, Format Version 12.00
# Visual Studio Version 17
VisualStudioVersion = 17.14.36327.8
MinimumVisualStudioVersion = 10.0.40219.1
Project("{FAE04EC0-301F-11D3-BF4B-00C04F79EFBC}") = "Kudane.Jwt", "Kudane.Jwt\Kudane.Jwt.csproj", "{A7F285BD-1BE1-4FF5-8845-2CFFCB75FDB6}"
EndProject
Global
	GlobalSection(SolutionConfigurationPlatforms) = preSolution
		Debug|Any CPU = Debug|Any CPU
		Release|Any CPU = Release|Any CPU
	EndGlobalSection
	GlobalSection(ProjectConfigurationPlatforms) = postSolution
		{A7F285BD-1BE1-4FF5-8845-2CFFCB75FDB6}.Debug|Any CPU.ActiveCfg = Debug|Any CPU
		{A7F285BD-1BE1-4FF5-8845-2CFFCB75FDB6}.Debug|Any CPU.Build.0 = Debug|Any CPU
		{A7F285BD-1BE1-4FF5-8845-2CFFCB75FDB6}.Release|Any CPU.ActiveCfg = Release|Any CPU
		{A7F285BD-1BE1-4FF5-8845-2CFFCB75FDB6}.Release|Any CPU.Build.0 = Release|Any CPU
	EndGlobalSection
	GlobalSection(SolutionProperties) = preSolution
		HideSolutionNode = FALSE
	EndGlobalSection
	GlobalSection(ExtensibilityGlobals) = postSolution
		SolutionGuid = {9FC2D51D-7C21-447D-8B80-5AD365F160DB}
	EndGlobalSection
EndGlobal
