
Microsoft Visual Studio Solution File, Format Version 12.00
# Visual Studio Version 17
VisualStudioVersion = 17.14.36414.22 d17.14
MinimumVisualStudioVersion = 10.0.40219.1
Project("{FAE04EC0-301F-11D3-BF4B-00C04F79EFBC}") = "BaseClassRepository", "BaseClassRepository\BaseClassRepository.csproj", "{C833963D-5A3A-489C-835F-AF5CB4ED8FDE}"
EndProject
Global
	GlobalSection(SolutionConfigurationPlatforms) = preSolution
		Debug|Any CPU = Debug|Any CPU
		Release|Any CPU = Release|Any CPU
	EndGlobalSection
	GlobalSection(ProjectConfigurationPlatforms) = postSolution
		{C833963D-5A3A-489C-835F-AF5CB4ED8FDE}.Debug|Any CPU.ActiveCfg = Debug|Any CPU
		{C833963D-5A3A-489C-835F-AF5CB4ED8FDE}.Debug|Any CPU.Build.0 = Debug|Any CPU
		{C833963D-5A3A-489C-835F-AF5CB4ED8FDE}.Release|Any CPU.ActiveCfg = Release|Any CPU
		{C833963D-5A3A-489C-835F-AF5CB4ED8FDE}.Release|Any CPU.Build.0 = Release|Any CPU
	EndGlobalSection
	GlobalSection(SolutionProperties) = preSolution
		HideSolutionNode = FALSE
	EndGlobalSection
	GlobalSection(ExtensibilityGlobals) = postSolution
		SolutionGuid = {8C630E1E-B4FF-41B2-8E2C-91DE1DD6EF48}
	EndGlobalSection
EndGlobal
