
Microsoft Visual Studio Solution File, Format Version 12.00
# Visual Studio Version 17
VisualStudioVersion = 17.14.36414.22 d17.14
MinimumVisualStudioVersion = 10.0.40219.1
Project("{FAE04EC0-301F-11D3-BF4B-00C04F79EFBC}") = "WebAutoRegisterDi", "WebAutoRegisterDi\WebAutoRegisterDi.csproj", "{2FA87270-45CA-4636-BEE1-76D78FEEB20C}"
EndProject
Global
	GlobalSection(SolutionConfigurationPlatforms) = preSolution
		Debug|Any CPU = Debug|Any CPU
		Release|Any CPU = Release|Any CPU
	EndGlobalSection
	GlobalSection(ProjectConfigurationPlatforms) = postSolution
		{2FA87270-45CA-4636-BEE1-76D78FEEB20C}.Debug|Any CPU.ActiveCfg = Debug|Any CPU
		{2FA87270-45CA-4636-BEE1-76D78FEEB20C}.Debug|Any CPU.Build.0 = Debug|Any CPU
		{2FA87270-45CA-4636-BEE1-76D78FEEB20C}.Release|Any CPU.ActiveCfg = Release|Any CPU
		{2FA87270-45CA-4636-BEE1-76D78FEEB20C}.Release|Any CPU.Build.0 = Release|Any CPU
	EndGlobalSection
	GlobalSection(SolutionProperties) = preSolution
		HideSolutionNode = FALSE
	EndGlobalSection
	GlobalSection(ExtensibilityGlobals) = postSolution
		SolutionGuid = {D5CCEB0D-F8F0-4FB0-8751-F615F437A414}
	EndGlobalSection
EndGlobal
